
Microsoft Visual Studio Solution File, Format Version 12.00
# Visual Studio 14
VisualStudioVersion = 14.0.24720.0
MinimumVisualStudioVersion = 10.0.40219.1
Project("{FAE04EC0-301F-11D3-BF4B-00C04F79EFBC}") = "SogetiAssessment.Console", "SogetiAssessment.Console\SogetiAssessment.Console.csproj", "{6FFF5A94-F298-492F-96BC-188C8C48FEE3}"
EndProject
Project("{FAE04EC0-301F-11D3-BF4B-00C04F79EFBC}") = "SogetiAssessment.Tests", "SogetiAssessment.Tests\SogetiAssessment.Tests.csproj", "{08232CA7-451D-4B5C-BFCE-F80F955E50A3}"
EndProject
Global
	GlobalSection(SolutionConfigurationPlatforms) = preSolution
		Debug|Any CPU = Debug|Any CPU
		Release|Any CPU = Release|Any CPU
	EndGlobalSection
	GlobalSection(ProjectConfigurationPlatforms) = postSolution
		{6FFF5A94-F298-492F-96BC-188C8C48FEE3}.Debug|Any CPU.ActiveCfg = Debug|Any CPU
		{6FFF5A94-F298-492F-96BC-188C8C48FEE3}.Debug|Any CPU.Build.0 = Debug|Any CPU
		{6FFF5A94-F298-492F-96BC-188C8C48FEE3}.Release|Any CPU.ActiveCfg = Release|Any CPU
		{6FFF5A94-F298-492F-96BC-188C8C48FEE3}.Release|Any CPU.Build.0 = Release|Any CPU
		{08232CA7-451D-4B5C-BFCE-F80F955E50A3}.Debug|Any CPU.ActiveCfg = Debug|Any CPU
		{08232CA7-451D-4B5C-BFCE-F80F955E50A3}.Debug|Any CPU.Build.0 = Debug|Any CPU
		{08232CA7-451D-4B5C-BFCE-F80F955E50A3}.Release|Any CPU.ActiveCfg = Release|Any CPU
		{08232CA7-451D-4B5C-BFCE-F80F955E50A3}.Release|Any CPU.Build.0 = Release|Any CPU
	EndGlobalSection
	GlobalSection(SolutionProperties) = preSolution
		HideSolutionNode = FALSE
	EndGlobalSection
EndGlobal
